
Microsoft Visual Studio Solution File, Format Version 12.00
# Visual Studio Version 17
VisualStudioVersion = 17.13.35931.197 d17.13
MinimumVisualStudioVersion = 10.0.40219.1
Project("{FAE04EC0-301F-11D3-BF4B-00C04F79EFBC}") = "EssentialCommands", "EssentialCommands\EssentialCommands.csproj", "{640A6115-A8B6-4665-A4F2-5DF1F1AFC5DB}"
EndProject
Global
	GlobalSection(SolutionConfigurationPlatforms) = preSolution
		Debug|Any CPU = Debug|Any CPU
		Release|Any CPU = Release|Any CPU
	EndGlobalSection
	GlobalSection(ProjectConfigurationPlatforms) = postSolution
		{640A6115-A8B6-4665-A4F2-5DF1F1AFC5DB}.Debug|Any CPU.ActiveCfg = Debug|Any CPU
		{640A6115-A8B6-4665-A4F2-5DF1F1AFC5DB}.Debug|Any CPU.Build.0 = Debug|Any CPU
		{640A6115-A8B6-4665-A4F2-5DF1F1AFC5DB}.Release|Any CPU.ActiveCfg = Release|Any CPU
		{640A6115-A8B6-4665-A4F2-5DF1F1AFC5DB}.Release|Any CPU.Build.0 = Release|Any CPU
	EndGlobalSection
	GlobalSection(SolutionProperties) = preSolution
		HideSolutionNode = FALSE
	EndGlobalSection
	GlobalSection(ExtensibilityGlobals) = postSolution
		SolutionGuid = {2629D253-F199-419A-B90B-5D2CC60F5C88}
	EndGlobalSection
EndGlobal
